// !$*UTF8*$!
{
	archiveVersion = 1;
	classes = {
	};
	objectVersion = 56;
	objects = {

/* Begin PBXBuildFile section */
		01EE85722EF2ED010005AF8C /* projet_iosApp.swift in Sources */ = {isa = PBXBuildFile; fileRef = 01EE85712EF2ED010005AF8C /* projet_iosApp.swift */; };
		01EE85742EF2ED010005AF8C /* ContentView.swift in Sources */ = {isa = PBXBuildFile; fileRef = 01EE85732EF2ED010005AF8C /* ContentView.swift */; };
		01EE85762EF2ED040005AF8C /* Assets.xcassets in Resources */ = {isa = PBXBuildFile; fileRef = 01EE85752EF2ED040005AF8C /* Assets.xcassets */; };
		01EE85792EF2ED040005AF8C /* Preview Assets.xcassets in Resources */ = {isa = PBXBuildFile; fileRef = 01EE85782EF2ED040005AF8C /* Preview Assets.xcassets */; };
		01FDD5632EF4454800657554 /* ExplorerViewModel.swift in Sources */ = {isa = PBXBuildFile; fileRef = 01FDD5622EF4454800657554 /* ExplorerViewModel.swift */; };
		01FDD5652EF4459D00657554 /* TMDBService.swift in Sources */ = {isa = PBXBuildFile; fileRef = 01FDD5642EF4459D00657554 /* TMDBService.swift */; };
		01FDD5672EF445F400657554 /* MainTabView.swift in Sources */ = {isa = PBXBuildFile; fileRef = 01FDD5662EF445F400657554 /* MainTabView.swift */; };
		01FDD5692EF4462300657554 /* MediaDetailView.swift in Sources */ = {isa = PBXBuildFile; fileRef = 01FDD5682EF4462300657554 /* MediaDetailView.swift */; };
		01FDD56B2EF4467300657554 /* MediaRowView.swift in Sources */ = {isa = PBXBuildFile; fileRef = 01FDD56A2EF4467300657554 /* MediaRowView.swift */; };
		01FDD56D2EF446DD00657554 /* MediaItem.swift in Sources */ = {isa = PBXBuildFile; fileRef = 01FDD56C2EF446DD00657554 /* MediaItem.swift */; };
		01FDD56F2EF4487E00657554 /* ExplorerView.swift in Sources */ = {isa = PBXBuildFile; fileRef = 01FDD56E2EF4487E00657554 /* ExplorerView.swift */; };
		01FDD5712EF44E8F00657554 /* UserMediaStatus.swift in Sources */ = {isa = PBXBuildFile; fileRef = 01FDD5702EF44E8F00657554 /* UserMediaStatus.swift */; };
		01FDD5732EF44ECF00657554 /* Playlist.swift in Sources */ = {isa = PBXBuildFile; fileRef = 01FDD5722EF44ECF00657554 /* Playlist.swift */; };
		01FDD5752EF44F8D00657554 /* FavoritesView.swift in Sources */ = {isa = PBXBuildFile; fileRef = 01FDD5742EF44F8D00657554 /* FavoritesView.swift */; };
		01FDD5772EF44FC300657554 /* WatchStatusView.swift in Sources */ = {isa = PBXBuildFile; fileRef = 01FDD5762EF44FC300657554 /* WatchStatusView.swift */; };
		01FDD5792EF44FE900657554 /* PlaylistsView.swift in Sources */ = {isa = PBXBuildFile; fileRef = 01FDD5782EF44FE900657554 /* PlaylistsView.swift */; };
		01FDD57B2EF45A8B00657554 /* AppTheme.swift in Sources */ = {isa = PBXBuildFile; fileRef = 01FDD57A2EF45A8B00657554 /* AppTheme.swift */; };
		01FDD57E2EF55E9C00657554 /* PlaylistDetailView.swift in Sources */ = {isa = PBXBuildFile; fileRef = 01FDD57D2EF55E9C00657554 /* PlaylistDetailView.swift */; };
		01FDD5802EF5670300657554 /* SplashView.swift in Sources */ = {isa = PBXBuildFile; fileRef = 01FDD57F2EF5670300657554 /* SplashView.swift */; };
/* End PBXBuildFile section */

/* Begin PBXFileReference section */
		01EE856E2EF2ED010005AF8C /* projet_ios.app */ = {isa = PBXFileReference; explicitFileType = wrapper.application; includeInIndex = 0; path = projet_ios.app; sourceTree = BUILT_PRODUCTS_DIR; };
		01EE85712EF2ED010005AF8C /* projet_iosApp.swift */ = {isa = PBXFileReference; lastKnownFileType = sourcecode.swift; path = projet_iosApp.swift; sourceTree = "<group>"; };
		01EE85732EF2ED010005AF8C /* ContentView.swift */ = {isa = PBXFileReference; lastKnownFileType = sourcecode.swift; path = ContentView.swift; sourceTree = "<group>"; };
		01EE85752EF2ED040005AF8C /* Assets.xcassets */ = {isa = PBXFileReference; lastKnownFileType = folder.assetcatalog; path = Assets.xcassets; sourceTree = "<group>"; };
		01EE85782EF2ED040005AF8C /* Preview Assets.xcassets */ = {isa = PBXFileReference; lastKnownFileType = folder.assetcatalog; path = "Preview Assets.xcassets"; sourceTree = "<group>"; };
		01FDD5622EF4454800657554 /* ExplorerViewModel.swift */ = {isa = PBXFileReference; lastKnownFileType = sourcecode.swift; path = ExplorerViewModel.swift; sourceTree = "<group>"; };
		01FDD5642EF4459D00657554 /* TMDBService.swift */ = {isa = PBXFileReference; lastKnownFileType = sourcecode.swift; path = TMDBService.swift; sourceTree = "<group>"; };
		01FDD5662EF445F400657554 /* MainTabView.swift */ = {isa = PBXFileReference; lastKnownFileType = sourcecode.swift; path = MainTabView.swift; sourceTree = "<group>"; };
		01FDD5682EF4462300657554 /* MediaDetailView.swift */ = {isa = PBXFileReference; lastKnownFileType = sourcecode.swift; path = MediaDetailView.swift; sourceTree = "<group>"; };
		01FDD56A2EF4467300657554 /* MediaRowView.swift */ = {isa = PBXFileReference; lastKnownFileType = sourcecode.swift; path = MediaRowView.swift; sourceTree = "<group>"; };
		01FDD56C2EF446DD00657554 /* MediaItem.swift */ = {isa = PBXFileReference; lastKnownFileType = sourcecode.swift; path = MediaItem.swift; sourceTree = "<group>"; };
		01FDD56E2EF4487E00657554 /* ExplorerView.swift */ = {isa = PBXFileReference; lastKnownFileType = sourcecode.swift; path = ExplorerView.swift; sourceTree = "<group>"; };
		01FDD5702EF44E8F00657554 /* UserMediaStatus.swift */ = {isa = PBXFileReference; lastKnownFileType = sourcecode.swift; path = UserMediaStatus.swift; sourceTree = "<group>"; };
		01FDD5722EF44ECF00657554 /* Playlist.swift */ = {isa = PBXFileReference; lastKnownFileType = sourcecode.swift; path = Playlist.swift; sourceTree = "<group>"; };
		01FDD5742EF44F8D00657554 /* FavoritesView.swift */ = {isa = PBXFileReference; lastKnownFileType = sourcecode.swift; path = FavoritesView.swift; sourceTree = "<group>"; };
		01FDD5762EF44FC300657554 /* WatchStatusView.swift */ = {isa = PBXFileReference; lastKnownFileType = sourcecode.swift; path = WatchStatusView.swift; sourceTree = "<group>"; };
		01FDD5782EF44FE900657554 /* PlaylistsView.swift */ = {isa = PBXFileReference; lastKnownFileType = sourcecode.swift; path = PlaylistsView.swift; sourceTree = "<group>"; };
		01FDD57A2EF45A8B00657554 /* AppTheme.swift */ = {isa = PBXFileReference; lastKnownFileType = sourcecode.swift; path = AppTheme.swift; sourceTree = "<group>"; };
		01FDD57C2EF45EAF00657554 /* Config.xcconfig */ = {isa = PBXFileReference; lastKnownFileType = text.xcconfig; path = Config.xcconfig; sourceTree = "<group>"; };
		01FDD57D2EF55E9C00657554 /* PlaylistDetailView.swift */ = {isa = PBXFileReference; lastKnownFileType = sourcecode.swift; path = PlaylistDetailView.swift; sourceTree = "<group>"; };
		01FDD57F2EF5670300657554 /* SplashView.swift */ = {isa = PBXFileReference; lastKnownFileType = sourcecode.swift; path = SplashView.swift; sourceTree = "<group>"; };
/* End PBXFileReference section */

/* Begin PBXFrameworksBuildPhase section */
		01EE856B2EF2ED010005AF8C /* Frameworks */ = {
			isa = PBXFrameworksBuildPhase;
			buildActionMask = 2147483647;
			files = (
			);
			runOnlyForDeploymentPostprocessing = 0;
		};
/* End PBXFrameworksBuildPhase section */

/* Begin PBXGroup section */
		01EE85652EF2ED010005AF8C = {
			isa = PBXGroup;
			children = (
				01EE85702EF2ED010005AF8C /* projet_ios */,
				01EE856F2EF2ED010005AF8C /* Products */,
			);
			sourceTree = "<group>";
		};
		01EE856F2EF2ED010005AF8C /* Products */ = {
			isa = PBXGroup;
			children = (
				01EE856E2EF2ED010005AF8C /* projet_ios.app */,
			);
			name = Products;
			sourceTree = "<group>";
		};
		01EE85702EF2ED010005AF8C /* projet_ios */ = {
			isa = PBXGroup;
			children = (
				01EE85712EF2ED010005AF8C /* projet_iosApp.swift */,
				01EE85732EF2ED010005AF8C /* ContentView.swift */,
				01EE85752EF2ED040005AF8C /* Assets.xcassets */,
				01EE85772EF2ED040005AF8C /* Preview Content */,
				01FDD5622EF4454800657554 /* ExplorerViewModel.swift */,
				01FDD5642EF4459D00657554 /* TMDBService.swift */,
				01FDD5662EF445F400657554 /* MainTabView.swift */,
				01FDD5682EF4462300657554 /* MediaDetailView.swift */,
				01FDD56A2EF4467300657554 /* MediaRowView.swift */,
				01FDD56C2EF446DD00657554 /* MediaItem.swift */,
				01FDD56E2EF4487E00657554 /* ExplorerView.swift */,
				01FDD5702EF44E8F00657554 /* UserMediaStatus.swift */,
				01FDD5722EF44ECF00657554 /* Playlist.swift */,
				01FDD5742EF44F8D00657554 /* FavoritesView.swift */,
				01FDD5762EF44FC300657554 /* WatchStatusView.swift */,
				01FDD5782EF44FE900657554 /* PlaylistsView.swift */,
				01FDD57A2EF45A8B00657554 /* AppTheme.swift */,
				01FDD57C2EF45EAF00657554 /* Config.xcconfig */,
				01FDD57D2EF55E9C00657554 /* PlaylistDetailView.swift */,
				01FDD57F2EF5670300657554 /* SplashView.swift */,
			);
			path = projet_ios;
			sourceTree = "<group>";
		};
		01EE85772EF2ED040005AF8C /* Preview Content */ = {
			isa = PBXGroup;
			children = (
				01EE85782EF2ED040005AF8C /* Preview Assets.xcassets */,
			);
			path = "Preview Content";
			sourceTree = "<group>";
		};
/* End PBXGroup section */

/* Begin PBXNativeTarget section */
		01EE856D2EF2ED010005AF8C /* projet_ios */ = {
			isa = PBXNativeTarget;
			buildConfigurationList = 01EE857C2EF2ED040005AF8C /* Build configuration list for PBXNativeTarget "projet_ios" */;
			buildPhases = (
				01EE856A2EF2ED010005AF8C /* Sources */,
				01EE856B2EF2ED010005AF8C /* Frameworks */,
				01EE856C2EF2ED010005AF8C /* Resources */,
			);
			buildRules = (
			);
			dependencies = (
			);
			name = projet_ios;
			productName = projet_ios;
			productReference = 01EE856E2EF2ED010005AF8C /* projet_ios.app */;
			productType = "com.apple.product-type.application";
		};
/* End PBXNativeTarget section */

/* Begin PBXProject section */
		01EE85662EF2ED010005AF8C /* Project object */ = {
			isa = PBXProject;
			attributes = {
				BuildIndependentTargetsInParallel = 1;
				LastSwiftUpdateCheck = 1520;
				LastUpgradeCheck = 1520;
				TargetAttributes = {
					01EE856D2EF2ED010005AF8C = {
						CreatedOnToolsVersion = 15.2;
					};
				};
			};
			buildConfigurationList = 01EE85692EF2ED010005AF8C /* Build configuration list for PBXProject "projet_ios" */;
			compatibilityVersion = "Xcode 14.0";
			developmentRegion = en;
			hasScannedForEncodings = 0;
			knownRegions = (
				en,
				Base,
			);
			mainGroup = 01EE85652EF2ED010005AF8C;
			productRefGroup = 01EE856F2EF2ED010005AF8C /* Products */;
			projectDirPath = "";
			projectRoot = "";
			targets = (
				01EE856D2EF2ED010005AF8C /* projet_ios */,
			);
		};
/* End PBXProject section */

/* Begin PBXResourcesBuildPhase section */
		01EE856C2EF2ED010005AF8C /* Resources */ = {
			isa = PBXResourcesBuildPhase;
			buildActionMask = 2147483647;
			files = (
				01EE85792EF2ED040005AF8C /* Preview Assets.xcassets in Resources */,
				01EE85762EF2ED040005AF8C /* Assets.xcassets in Resources */,
			);
			runOnlyForDeploymentPostprocessing = 0;
		};
/* End PBXResourcesBuildPhase section */

/* Begin PBXSourcesBuildPhase section */
		01EE856A2EF2ED010005AF8C /* Sources */ = {
			isa = PBXSourcesBuildPhase;
			buildActionMask = 2147483647;
			files = (
				01FDD5692EF4462300657554 /* MediaDetailView.swift in Sources */,
				01FDD56D2EF446DD00657554 /* MediaItem.swift in Sources */,
				01FDD5802EF5670300657554 /* SplashView.swift in Sources */,
				01FDD5652EF4459D00657554 /* TMDBService.swift in Sources */,
				01FDD57E2EF55E9C00657554 /* PlaylistDetailView.swift in Sources */,
				01EE85742EF2ED010005AF8C /* ContentView.swift in Sources */,
				01FDD5772EF44FC300657554 /* WatchStatusView.swift in Sources */,
				01EE85722EF2ED010005AF8C /* projet_iosApp.swift in Sources */,
				01FDD56F2EF4487E00657554 /* ExplorerView.swift in Sources */,
				01FDD5632EF4454800657554 /* ExplorerViewModel.swift in Sources */,
				01FDD5672EF445F400657554 /* MainTabView.swift in Sources */,
				01FDD57B2EF45A8B00657554 /* AppTheme.swift in Sources */,
				01FDD5752EF44F8D00657554 /* FavoritesView.swift in Sources */,
				01FDD5792EF44FE900657554 /* PlaylistsView.swift in Sources */,
				01FDD5732EF44ECF00657554 /* Playlist.swift in Sources */,
				01FDD56B2EF4467300657554 /* MediaRowView.swift in Sources */,
				01FDD5712EF44E8F00657554 /* UserMediaStatus.swift in Sources */,
			);
			runOnlyForDeploymentPostprocessing = 0;
		};
/* End PBXSourcesBuildPhase section */

/* Begin XCBuildConfiguration section */
		01EE857A2EF2ED040005AF8C /* Debug */ = {
			isa = XCBuildConfiguration;
			buildSettings = {
				ALWAYS_SEARCH_USER_PATHS = NO;
				ASSETCATALOG_COMPILER_GENERATE_SWIFT_ASSET_SYMBOL_EXTENSIONS = YES;
				CLANG_ANALYZER_NONNULL = YES;
				CLANG_ANALYZER_NUMBER_OBJECT_CONVERSION = YES_AGGRESSIVE;
				CLANG_CXX_LANGUAGE_STANDARD = "gnu++20";
				CLANG_ENABLE_MODULES = YES;
				CLANG_ENABLE_OBJC_ARC = YES;
				CLANG_ENABLE_OBJC_WEAK = YES;
				CLANG_WARN_BLOCK_CAPTURE_AUTORELEASING = YES;
				CLANG_WARN_BOOL_CONVERSION = YES;
				CLANG_WARN_COMMA = YES;
				CLANG_WARN_CONSTANT_CONVERSION = YES;
				CLANG_WARN_DEPRECATED_OBJC_IMPLEMENTATIONS = YES;
				CLANG_WARN_DIRECT_OBJC_ISA_USAGE = YES_ERROR;
				CLANG_WARN_DOCUMENTATION_COMMENTS = YES;
				CLANG_WARN_EMPTY_BODY = YES;
				CLANG_WARN_ENUM_CONVERSION = YES;
				CLANG_WARN_INFINITE_RECURSION = YES;
				CLANG_WARN_INT_CONVERSION = YES;
				CLANG_WARN_NON_LITERAL_NULL_CONVERSION = YES;
				CLANG_WARN_OBJC_IMPLICIT_RETAIN_SELF = YES;
				CLANG_WARN_OBJC_LITERAL_CONVERSION = YES;
				CLANG_WARN_OBJC_ROOT_CLASS = YES_ERROR;
				CLANG_WARN_QUOTED_INCLUDE_IN_FRAMEWORK_HEADER = YES;
				CLANG_WARN_RANGE_LOOP_ANALYSIS = YES;
				CLANG_WARN_STRICT_PROTOTYPES = YES;
				CLANG_WARN_SUSPICIOUS_MOVE = YES;
				CLANG_WARN_UNGUARDED_AVAILABILITY = YES_AGGRESSIVE;
				CLANG_WARN_UNREACHABLE_CODE = YES;
				CLANG_WARN__DUPLICATE_METHOD_MATCH = YES;
				COPY_PHASE_STRIP = NO;
				DEBUG_INFORMATION_FORMAT = dwarf;
				ENABLE_STRICT_OBJC_MSGSEND = YES;
				ENABLE_TESTABILITY = YES;
				ENABLE_USER_SCRIPT_SANDBOXING = YES;
				GCC_C_LANGUAGE_STANDARD = gnu17;
				GCC_DYNAMIC_NO_PIC = NO;
				GCC_NO_COMMON_BLOCKS = YES;
				GCC_OPTIMIZATION_LEVEL = 0;
				GCC_PREPROCESSOR_DEFINITIONS = (
					"DEBUG=1",
					"$(inherited)",
				);
				GCC_WARN_64_TO_32_BIT_CONVERSION = YES;
				GCC_WARN_ABOUT_RETURN_TYPE = YES_ERROR;
				GCC_WARN_UNDECLARED_SELECTOR = YES;
				GCC_WARN_UNINITIALIZED_AUTOS = YES_AGGRESSIVE;
				GCC_WARN_UNUSED_FUNCTION = YES;
				GCC_WARN_UNUSED_VARIABLE = YES;
				IPHONEOS_DEPLOYMENT_TARGET = 17.2;
				LOCALIZATION_PREFERS_STRING_CATALOGS = YES;
				MTL_ENABLE_DEBUG_INFO = INCLUDE_SOURCE;
				MTL_FAST_MATH = YES;
				ONLY_ACTIVE_ARCH = YES;
				SDKROOT = iphoneos;
				SWIFT_ACTIVE_COMPILATION_CONDITIONS = "DEBUG $(inherited)";
				SWIFT_OPTIMIZATION_LEVEL = "-Onone";
			};
			name = Debug;
		};
		01EE857B2EF2ED040005AF8C /* Release */ = {
			isa = XCBuildConfiguration;
			buildSettings = {
				ALWAYS_SEARCH_USER_PATHS = NO;
				ASSETCATALOG_COMPILER_GENERATE_SWIFT_ASSET_SYMBOL_EXTENSIONS = YES;
				CLANG_ANALYZER_NONNULL = YES;
				CLANG_ANALYZER_NUMBER_OBJECT_CONVERSION = YES_AGGRESSIVE;
				CLANG_CXX_LANGUAGE_STANDARD = "gnu++20";
				CLANG_ENABLE_MODULES = YES;
				CLANG_ENABLE_OBJC_ARC = YES;
				CLANG_ENABLE_OBJC_WEAK = YES;
				CLANG_WARN_BLOCK_CAPTURE_AUTORELEASING = YES;
				CLANG_WARN_BOOL_CONVERSION = YES;
				CLANG_WARN_COMMA = YES;
				CLANG_WARN_CONSTANT_CONVERSION = YES;
				CLANG_WARN_DEPRECATED_OBJC_IMPLEMENTATIONS = YES;
				CLANG_WARN_DIRECT_OBJC_ISA_USAGE = YES_ERROR;
				CLANG_WARN_DOCUMENTATION_COMMENTS = YES;
				CLANG_WARN_EMPTY_BODY = YES;
				CLANG_WARN_ENUM_CONVERSION = YES;
				CLANG_WARN_INFINITE_RECURSION = YES;
				CLANG_WARN_INT_CONVERSION = YES;
				CLANG_WARN_NON_LITERAL_NULL_CONVERSION = YES;
				CLANG_WARN_OBJC_IMPLICIT_RETAIN_SELF = YES;
				CLANG_WARN_OBJC_LITERAL_CONVERSION = YES;
				CLANG_WARN_OBJC_ROOT_CLASS = YES_ERROR;
				CLANG_WARN_QUOTED_INCLUDE_IN_FRAMEWORK_HEADER = YES;
				CLANG_WARN_RANGE_LOOP_ANALYSIS = YES;
				CLANG_WARN_STRICT_PROTOTYPES = YES;
				CLANG_WARN_SUSPICIOUS_MOVE = YES;
				CLANG_WARN_UNGUARDED_AVAILABILITY = YES_AGGRESSIVE;
				CLANG_WARN_UNREACHABLE_CODE = YES;
				CLANG_WARN__DUPLICATE_METHOD_MATCH = YES;
				COPY_PHASE_STRIP = NO;
				DEBUG_INFORMATION_FORMAT = "dwarf-with-dsym";
				ENABLE_NS_ASSERTIONS = NO;
				ENABLE_STRICT_OBJC_MSGSEND = YES;
				ENABLE_USER_SCRIPT_SANDBOXING = YES;
				GCC_C_LANGUAGE_STANDARD = gnu17;
				GCC_NO_COMMON_BLOCKS = YES;
				GCC_WARN_64_TO_32_BIT_CONVERSION = YES;
				GCC_WARN_ABOUT_RETURN_TYPE = YES_ERROR;
				GCC_WARN_UNDECLARED_SELECTOR = YES;
				GCC_WARN_UNINITIALIZED_AUTOS = YES_AGGRESSIVE;
				GCC_WARN_UNUSED_FUNCTION = YES;
				GCC_WARN_UNUSED_VARIABLE = YES;
				IPHONEOS_DEPLOYMENT_TARGET = 17.2;
				LOCALIZATION_PREFERS_STRING_CATALOGS = YES;
				MTL_ENABLE_DEBUG_INFO = NO;
				MTL_FAST_MATH = YES;
				SDKROOT = iphoneos;
				SWIFT_COMPILATION_MODE = wholemodule;
				VALIDATE_PRODUCT = YES;
			};
			name = Release;
		};
		01EE857D2EF2ED040005AF8C /* Debug */ = {
			isa = XCBuildConfiguration;
			buildSettings = {
				ASSETCATALOG_COMPILER_APPICON_NAME = AppIcon;
				ASSETCATALOG_COMPILER_GLOBAL_ACCENT_COLOR_NAME = AccentColor;
				ASSETCATALOG_COMPILER_INCLUDE_ALL_APPICON_ASSETS = YES;
				CODE_SIGN_STYLE = Automatic;
				CURRENT_PROJECT_VERSION = 1;
				DEVELOPMENT_ASSET_PATHS = "\"projet_ios/Preview Content\"";
				ENABLE_PREVIEWS = YES;
				GENERATE_INFOPLIST_FILE = YES;
				INFOPLIST_KEY_CFBundleDisplayName = MyFlix;
				INFOPLIST_KEY_LSApplicationCategoryType = "public.app-category.entertainment";
				INFOPLIST_KEY_UIApplicationSceneManifest_Generation = YES;
				INFOPLIST_KEY_UIApplicationSupportsIndirectInputEvents = YES;
				INFOPLIST_KEY_UILaunchScreen_Generation = YES;
				INFOPLIST_KEY_UISupportedInterfaceOrientations_iPad = "UIInterfaceOrientationPortrait UIInterfaceOrientationPortraitUpsideDown UIInterfaceOrientationLandscapeLeft UIInterfaceOrientationLandscapeRight";
				INFOPLIST_KEY_UISupportedInterfaceOrientations_iPhone = "UIInterfaceOrientationPortrait UIInterfaceOrientationLandscapeLeft UIInterfaceOrientationLandscapeRight";
				LD_RUNPATH_SEARCH_PATHS = (
					"$(inherited)",
					"@executable_path/Frameworks",
				);
				MARKETING_VERSION = 1.0;
				PRODUCT_BUNDLE_IDENTIFIER = "com.lightphoenix.projet-ios";
				PRODUCT_NAME = "$(TARGET_NAME)";
				SWIFT_EMIT_LOC_STRINGS = YES;
				SWIFT_VERSION = 5.0;
				TARGETED_DEVICE_FAMILY = "1,2";
			};
			name = Debug;
		};
		01EE857E2EF2ED040005AF8C /* Release */ = {
			isa = XCBuildConfiguration;
			buildSettings = {
				ASSETCATALOG_COMPILER_APPICON_NAME = AppIcon;
				ASSETCATALOG_COMPILER_GLOBAL_ACCENT_COLOR_NAME = AccentColor;
				ASSETCATALOG_COMPILER_INCLUDE_ALL_APPICON_ASSETS = YES;
				CODE_SIGN_STYLE = Automatic;
				CURRENT_PROJECT_VERSION = 1;
				DEVELOPMENT_ASSET_PATHS = "\"projet_ios/Preview Content\"";
				ENABLE_PREVIEWS = YES;
				GENERATE_INFOPLIST_FILE = YES;
				INFOPLIST_KEY_CFBundleDisplayName = MyFlix;
				INFOPLIST_KEY_LSApplicationCategoryType = "public.app-category.entertainment";
				INFOPLIST_KEY_UIApplicationSceneManifest_Generation = YES;
				INFOPLIST_KEY_UIApplicationSupportsIndirectInputEvents = YES;
				INFOPLIST_KEY_UILaunchScreen_Generation = YES;
				INFOPLIST_KEY_UISupportedInterfaceOrientations_iPad = "UIInterfaceOrientationPortrait UIInterfaceOrientationPortraitUpsideDown UIInterfaceOrientationLandscapeLeft UIInterfaceOrientationLandscapeRight";
				INFOPLIST_KEY_UISupportedInterfaceOrientations_iPhone = "UIInterfaceOrientationPortrait UIInterfaceOrientationLandscapeLeft UIInterfaceOrientationLandscapeRight";
				LD_RUNPATH_SEARCH_PATHS = (
					"$(inherited)",
					"@executable_path/Frameworks",
				);
				MARKETING_VERSION = 1.0;
				PRODUCT_BUNDLE_IDENTIFIER = "com.lightphoenix.projet-ios";
				PRODUCT_NAME = "$(TARGET_NAME)";
				SWIFT_EMIT_LOC_STRINGS = YES;
				SWIFT_VERSION = 5.0;
				TARGETED_DEVICE_FAMILY = "1,2";
			};
			name = Release;
		};
/* End XCBuildConfiguration section */

/* Begin XCConfigurationList section */
		01EE85692EF2ED010005AF8C /* Build configuration list for PBXProject "projet_ios" */ = {
			isa = XCConfigurationList;
			buildConfigurations = (
				01EE857A2EF2ED040005AF8C /* Debug */,
				01EE857B2EF2ED040005AF8C /* Release */,
			);
			defaultConfigurationIsVisible = 0;
			defaultConfigurationName = Release;
		};
		01EE857C2EF2ED040005AF8C /* Build configuration list for PBXNativeTarget "projet_ios" */ = {
			isa = XCConfigurationList;
			buildConfigurations = (
				01EE857D2EF2ED040005AF8C /* Debug */,
				01EE857E2EF2ED040005AF8C /* Release */,
			);
			defaultConfigurationIsVisible = 0;
			defaultConfigurationName = Release;
		};
/* End XCConfigurationList section */
	};
	rootObject = 01EE85662EF2ED010005AF8C /* Project object */;
}
